
Microsoft Visual Studio Solution File, Format Version 12.00
# Visual Studio Version 17
VisualStudioVersion = 17.3.32922.545
MinimumVisualStudioVersion = 10.0.40219.1
Project("{FAE04EC0-301F-11D3-BF4B-00C04F79EFBC}") = "Scrablle", "Scrablle.csproj", "{442E808E-684C-4B7E-93AA-2A15B123E11E}"
EndProject
Global
	GlobalSection(SolutionConfigurationPlatforms) = preSolution
		Debug|Any CPU = Debug|Any CPU
		Release|Any CPU = Release|Any CPU
	EndGlobalSection
	GlobalSection(ProjectConfigurationPlatforms) = postSolution
		{442E808E-684C-4B7E-93AA-2A15B123E11E}.Debug|Any CPU.ActiveCfg = Debug|Any CPU
		{442E808E-684C-4B7E-93AA-2A15B123E11E}.Debug|Any CPU.Build.0 = Debug|Any CPU
		{442E808E-684C-4B7E-93AA-2A15B123E11E}.Release|Any CPU.ActiveCfg = Release|Any CPU
		{442E808E-684C-4B7E-93AA-2A15B123E11E}.Release|Any CPU.Build.0 = Release|Any CPU
	EndGlobalSection
	GlobalSection(SolutionProperties) = preSolution
		HideSolutionNode = FALSE
	EndGlobalSection
	GlobalSection(ExtensibilityGlobals) = postSolution
		SolutionGuid = {1DFE590A-C58D-4C1B-B472-413D7933E43C}
	EndGlobalSection
EndGlobal
